# This file is autogenerated, do not edit; changes may be undone by the next 'dep ensure'.


[[projects]]
  branch = "master"
  digest = "1:e2b86e41f3d669fc36b50d31d32d22c8ac656c75aa5ea89717ce7177e134ff2a"
  name = "github.com/golang/glog"
  packages = ["."]
  pruneopts = "NUT"
  revision = "23def4e6c14b4da8ac2ed8007337bc5eb5007998"

[[projects]]
  branch = "master"
  digest = "1:ba051d98e3c3917d6b73286a16fa6f6c0e5b88205f74c1ca4381b473012d273c"
  name = "github.com/keybase/go-ps"
  packages = [
    ".",
    "darwincgo",
  ]
  pruneopts = "NUT"
  revision = "668c8856d9992f97248b3177d45743d2cc1068db"

[[projects]]
  digest = "1:714d08a4c71486c3f216e04379ada1476e63937b88fd189d9f06d0e41ce96a61"
  name = "github.com/moby/moby"
  packages = ["pkg/reexec"]
  pruneopts = "NUT"
  revision = "092cba3727bb9b4a2f0e922cd6c0f93ea270e363"
  version = "v1.13.1"

[[projects]]
  branch = "master"
  digest = "1:76ee51c3f468493aff39dbacc401e8831fbb765104cbf613b89bef01cf4bad70"
  name = "golang.org/x/net"
  packages = ["context"]
  pruneopts = "NUT"
  revision = "c44066c5c816ec500d459a2a324a753f78531ae0"

[[projects]]
  digest = "1:44c631134380c5fbe7378bf8bfe49c1e703ded0f4beb1726fc29bc56b4f9b147"
  name = "golang.org/x/text"
  packages = [
    "encoding",
    "encoding/charmap",
    "encoding/internal",
    "encoding/internal/identifier",
    "encoding/japanese",
    "encoding/korean",
    "encoding/simplifiedchinese",
    "encoding/traditionalchinese",
    "encoding/unicode",
    "encoding/unicode/utf32",
    "internal/gen",
    "internal/utf8internal",
    "runes",
    "transform",
    "unicode/cldr",
  ]
  pruneopts = "NUT"
  revision = "f21a4dfb5e38f5895301dc265a8def02365cc3d0"
  version = "v0.3.0"

[[projects]]
  branch = "master"
  digest = "1:c9e7a4b4d47c0ed205d257648b0e5b0440880cb728506e318f8ac7cd36270bc4"
  name = "golang.org/x/time"
  packages = ["rate"]
  pruneopts = "NUT"
  revision = "fbb02b2291d28baffd63558aa44b4b56f178d650"

[[projects]]
  branch = "master"
  digest = "1:edab5f502d4ce96962379fdf46278d0ec899b2cd3014bb1708768a38cbdf2676"
  name = "k8s.io/apimachinery"
  packages = [
    "pkg/util/clock",
    "pkg/util/runtime",
    "pkg/util/wait",
  ]
  pruneopts = "NUT"
  revision = "b7f9f1fa80aef2c4d97c27d38bba371e6caccb47"

[[projects]]
  digest = "1:f76cea4ba87da035909d054629a78391a873e25d81b8a0baa276907ad2be34de"
  name = "k8s.io/client-go"
  packages = ["util/workqueue"]
  pruneopts = "NUT"
  revision = "1638f8970cefaa404ff3a62950f88b08292b2696"
  version = "v9.0.0"

[[projects]]
  digest = "1:9cc257b3c9ff6a0158c9c661ab6eebda1fe8a4a4453cd5c4044dc9a2ebfb992b"
  name = "k8s.io/klog"
  packages = ["."]
  pruneopts = "NUT"
  revision = "a5bc97fbc634d635061f3146511332c7e313a55a"
  version = "v0.1.0"

[solve-meta]
  analyzer-name = "dep"
  analyzer-version = 1
  input-imports = [
    "github.com/keybase/go-ps",
    "github.com/moby/moby/pkg/reexec",
    "golang.org/x/text/encoding",
    "golang.org/x/text/encoding/charmap",
    "golang.org/x/text/encoding/japanese",
    "golang.org/x/text/encoding/korean",
    "golang.org/x/text/encoding/simplifiedchinese",
    "golang.org/x/text/encoding/traditionalchinese",
    "golang.org/x/text/encoding/unicode",
    "golang.org/x/text/encoding/unicode/utf32",
    "golang.org/x/text/transform",
    "k8s.io/apimachinery/pkg/util/runtime",
    "k8s.io/apimachinery/pkg/util/wait",
    "k8s.io/client-go/util/workqueue",
    "k8s.io/klog",
  ]
  solver-name = "gps-cdcl"
  solver-version = 1
