# This file is autogenerated, do not edit; changes may be undone by the next 'dep ensure'.


[[projects]]
  branch = "master"
  name = "github.com/keybase/go-ps"
  packages = [
    ".",
    "darwincgo"
  ]
  revision = "668c8856d9992f97248b3177d45743d2cc1068db"

[[projects]]
  name = "github.com/moby/moby"
  packages = ["pkg/reexec"]
  revision = "092cba3727bb9b4a2f0e922cd6c0f93ea270e363"
  version = "v1.13.1"

[solve-meta]
  analyzer-name = "dep"
  analyzer-version = 1
  inputs-digest = "2231c23a25b3d1d152f6f8a6a1c62eb9d68505bee70001f92eabfd94c31b6c5a"
  solver-name = "gps-cdcl"
  solver-version = 1
